// !$*UTF8*$!
{
	archiveVersion = 1;
	classes = {
	};
	objectVersion = 56;
	objects = {

/* Begin PBXBuildFile section */
		A60E079E29BCF2B900FBD4F1 /* TogglePasswordVisibilityViewModel.swift in Sources */ = {isa = PBXBuildFile; fileRef = A60E079D29BCF2B900FBD4F1 /* TogglePasswordVisibilityViewModel.swift */; };
		A62A352329BE8739002693AD /* CreateAccountViewModel.swift in Sources */ = {isa = PBXBuildFile; fileRef = A62A352229BE8739002693AD /* CreateAccountViewModel.swift */; };
		A6483EF529BA216E00F58419 /* SelectLoginOrRegisterView.swift in Sources */ = {isa = PBXBuildFile; fileRef = A6483EF429BA216E00F58419 /* SelectLoginOrRegisterView.swift */; };
		A6483EF729BA231200F58419 /* SelectLoginOrRegisterViewController.swift in Sources */ = {isa = PBXBuildFile; fileRef = A6483EF629BA231200F58419 /* SelectLoginOrRegisterViewController.swift */; };
		A6483EFA29BA238E00F58419 /* SelectLoginOrRegisterProtocol.swift in Sources */ = {isa = PBXBuildFile; fileRef = A6483EF929BA238E00F58419 /* SelectLoginOrRegisterProtocol.swift */; };
		A66952E829B8181D00B6F486 /* AppDelegate.swift in Sources */ = {isa = PBXBuildFile; fileRef = A66952E729B8181D00B6F486 /* AppDelegate.swift */; };
		A66952EA29B8181D00B6F486 /* SceneDelegate.swift in Sources */ = {isa = PBXBuildFile; fileRef = A66952E929B8181D00B6F486 /* SceneDelegate.swift */; };
		A66952F229B8181D00B6F486 /* todoList.xcdatamodeld in Sources */ = {isa = PBXBuildFile; fileRef = A66952F029B8181D00B6F486 /* todoList.xcdatamodeld */; };
		A66952F429B8181E00B6F486 /* Assets.xcassets in Resources */ = {isa = PBXBuildFile; fileRef = A66952F329B8181E00B6F486 /* Assets.xcassets */; };
		A66952F729B8181E00B6F486 /* LaunchScreen.storyboard in Resources */ = {isa = PBXBuildFile; fileRef = A66952F529B8181E00B6F486 /* LaunchScreen.storyboard */; };
		A669530129B81C5200B6F486 /* CoordinatorProtocol.swift in Sources */ = {isa = PBXBuildFile; fileRef = A669530029B81C5200B6F486 /* CoordinatorProtocol.swift */; };
		A6A1C0B229BB90100018AF93 /* CreateAccountViewController.swift in Sources */ = {isa = PBXBuildFile; fileRef = A6A1C0B129BB90100018AF93 /* CreateAccountViewController.swift */; };
		A6A1C0B529BB94A30018AF93 /* CreateAccountView.swift in Sources */ = {isa = PBXBuildFile; fileRef = A6A1C0B429BB94A30018AF93 /* CreateAccountView.swift */; };
		A6A1C0B829BB94CB0018AF93 /* CreateAccountProtocol.swift in Sources */ = {isa = PBXBuildFile; fileRef = A6A1C0B729BB94CB0018AF93 /* CreateAccountProtocol.swift */; };
		A6A1C0BB29BBC1C70018AF93 /* TextFieldCustom.swift in Sources */ = {isa = PBXBuildFile; fileRef = A6A1C0BA29BBC1C70018AF93 /* TextFieldCustom.swift */; };
		A6A2EB8829BC1A9700BD7146 /* CreateAccountPresenter.swift in Sources */ = {isa = PBXBuildFile; fileRef = A6A2EB8729BC1A9700BD7146 /* CreateAccountPresenter.swift */; };
		A6FD1B9F29B8BD8100915177 /* MainCoordinator.swift in Sources */ = {isa = PBXBuildFile; fileRef = A6FD1B9E29B8BD8100915177 /* MainCoordinator.swift */; };
		A6FD1BAC29B8FF2800915177 /* DSColors.swift in Sources */ = {isa = PBXBuildFile; fileRef = A6FD1BAB29B8FF2800915177 /* DSColors.swift */; };
		A6FD1BAF29B911E000915177 /* WelcomeScreenViewController.swift in Sources */ = {isa = PBXBuildFile; fileRef = A6FD1BAE29B911E000915177 /* WelcomeScreenViewController.swift */; };
		A6FD1BB229B911FF00915177 /* WelcomeScreenView.swift in Sources */ = {isa = PBXBuildFile; fileRef = A6FD1BB129B911FF00915177 /* WelcomeScreenView.swift */; };
		A6FD1BB429B916A900915177 /* DSSpacing.swift in Sources */ = {isa = PBXBuildFile; fileRef = A6FD1BB329B916A900915177 /* DSSpacing.swift */; };
		A6FD1BB729B91D5600915177 /* WelcomeScreenProtocols.swift in Sources */ = {isa = PBXBuildFile; fileRef = A6FD1BB629B91D5600915177 /* WelcomeScreenProtocols.swift */; };
/* End PBXBuildFile section */

/* Begin PBXFileReference section */
		A60E079D29BCF2B900FBD4F1 /* TogglePasswordVisibilityViewModel.swift */ = {isa = PBXFileReference; lastKnownFileType = sourcecode.swift; path = TogglePasswordVisibilityViewModel.swift; sourceTree = "<group>"; };
		A62A352229BE8739002693AD /* CreateAccountViewModel.swift */ = {isa = PBXFileReference; lastKnownFileType = sourcecode.swift; path = CreateAccountViewModel.swift; sourceTree = "<group>"; };
		A6483EF429BA216E00F58419 /* SelectLoginOrRegisterView.swift */ = {isa = PBXFileReference; lastKnownFileType = sourcecode.swift; path = SelectLoginOrRegisterView.swift; sourceTree = "<group>"; };
		A6483EF629BA231200F58419 /* SelectLoginOrRegisterViewController.swift */ = {isa = PBXFileReference; lastKnownFileType = sourcecode.swift; path = SelectLoginOrRegisterViewController.swift; sourceTree = "<group>"; };
		A6483EF929BA238E00F58419 /* SelectLoginOrRegisterProtocol.swift */ = {isa = PBXFileReference; lastKnownFileType = sourcecode.swift; path = SelectLoginOrRegisterProtocol.swift; sourceTree = "<group>"; };
		A66952E429B8181D00B6F486 /* todoList.app */ = {isa = PBXFileReference; explicitFileType = wrapper.application; includeInIndex = 0; path = todoList.app; sourceTree = BUILT_PRODUCTS_DIR; };
		A66952E729B8181D00B6F486 /* AppDelegate.swift */ = {isa = PBXFileReference; lastKnownFileType = sourcecode.swift; path = AppDelegate.swift; sourceTree = "<group>"; };
		A66952E929B8181D00B6F486 /* SceneDelegate.swift */ = {isa = PBXFileReference; lastKnownFileType = sourcecode.swift; path = SceneDelegate.swift; sourceTree = "<group>"; };
		A66952F129B8181D00B6F486 /* todoList.xcdatamodel */ = {isa = PBXFileReference; lastKnownFileType = wrapper.xcdatamodel; path = todoList.xcdatamodel; sourceTree = "<group>"; };
		A66952F329B8181E00B6F486 /* Assets.xcassets */ = {isa = PBXFileReference; lastKnownFileType = folder.assetcatalog; path = Assets.xcassets; sourceTree = "<group>"; };
		A66952F629B8181E00B6F486 /* Base */ = {isa = PBXFileReference; lastKnownFileType = file.storyboard; name = Base; path = Base.lproj/LaunchScreen.storyboard; sourceTree = "<group>"; };
		A66952F829B8181E00B6F486 /* Info.plist */ = {isa = PBXFileReference; lastKnownFileType = text.plist.xml; path = Info.plist; sourceTree = "<group>"; };
		A669530029B81C5200B6F486 /* CoordinatorProtocol.swift */ = {isa = PBXFileReference; lastKnownFileType = sourcecode.swift; path = CoordinatorProtocol.swift; sourceTree = "<group>"; };
		A6A1C0B129BB90100018AF93 /* CreateAccountViewController.swift */ = {isa = PBXFileReference; lastKnownFileType = sourcecode.swift; path = CreateAccountViewController.swift; sourceTree = "<group>"; };
		A6A1C0B429BB94A30018AF93 /* CreateAccountView.swift */ = {isa = PBXFileReference; lastKnownFileType = sourcecode.swift; path = CreateAccountView.swift; sourceTree = "<group>"; };
		A6A1C0B729BB94CB0018AF93 /* CreateAccountProtocol.swift */ = {isa = PBXFileReference; lastKnownFileType = sourcecode.swift; path = CreateAccountProtocol.swift; sourceTree = "<group>"; };
		A6A1C0BA29BBC1C70018AF93 /* TextFieldCustom.swift */ = {isa = PBXFileReference; lastKnownFileType = sourcecode.swift; path = TextFieldCustom.swift; sourceTree = "<group>"; };
		A6A2EB8729BC1A9700BD7146 /* CreateAccountPresenter.swift */ = {isa = PBXFileReference; lastKnownFileType = sourcecode.swift; path = CreateAccountPresenter.swift; sourceTree = "<group>"; };
		A6FD1B9E29B8BD8100915177 /* MainCoordinator.swift */ = {isa = PBXFileReference; lastKnownFileType = sourcecode.swift; path = MainCoordinator.swift; sourceTree = "<group>"; };
		A6FD1BAB29B8FF2800915177 /* DSColors.swift */ = {isa = PBXFileReference; lastKnownFileType = sourcecode.swift; path = DSColors.swift; sourceTree = "<group>"; };
		A6FD1BAE29B911E000915177 /* WelcomeScreenViewController.swift */ = {isa = PBXFileReference; lastKnownFileType = sourcecode.swift; path = WelcomeScreenViewController.swift; sourceTree = "<group>"; };
		A6FD1BB129B911FF00915177 /* WelcomeScreenView.swift */ = {isa = PBXFileReference; lastKnownFileType = sourcecode.swift; path = WelcomeScreenView.swift; sourceTree = "<group>"; };
		A6FD1BB329B916A900915177 /* DSSpacing.swift */ = {isa = PBXFileReference; lastKnownFileType = sourcecode.swift; path = DSSpacing.swift; sourceTree = "<group>"; };
		A6FD1BB629B91D5600915177 /* WelcomeScreenProtocols.swift */ = {isa = PBXFileReference; lastKnownFileType = sourcecode.swift; path = WelcomeScreenProtocols.swift; sourceTree = "<group>"; };
/* End PBXFileReference section */

/* Begin PBXFrameworksBuildPhase section */
		A66952E129B8181D00B6F486 /* Frameworks */ = {
			isa = PBXFrameworksBuildPhase;
			buildActionMask = 2147483647;
			files = (
			);
			runOnlyForDeploymentPostprocessing = 0;
		};
/* End PBXFrameworksBuildPhase section */

/* Begin PBXGroup section */
		A60E079B29BCEED800FBD4F1 /* ViewModel */ = {
			isa = PBXGroup;
			children = (
				A60E079D29BCF2B900FBD4F1 /* TogglePasswordVisibilityViewModel.swift */,
				A62A352229BE8739002693AD /* CreateAccountViewModel.swift */,
			);
			path = ViewModel;
			sourceTree = "<group>";
		};
		A62A351E29BE53A4002693AD /* Login */ = {
			isa = PBXGroup;
			children = (
			);
			path = Login;
			sourceTree = "<group>";
		};
		A6483EF129BA207500F58419 /* Authentication */ = {
			isa = PBXGroup;
			children = (
				A62A351E29BE53A4002693AD /* Login */,
				A6A1C0B329BB94500018AF93 /* CreateAccount */,
			);
			path = Authentication;
			sourceTree = "<group>";
		};
		A6483EF229BA20A400F58419 /* ViewModel */ = {
			isa = PBXGroup;
			children = (
			);
			path = ViewModel;
			sourceTree = "<group>";
		};
		A6483EF329BA20B600F58419 /* View */ = {
			isa = PBXGroup;
			children = (
				A6483EF429BA216E00F58419 /* SelectLoginOrRegisterView.swift */,
			);
			path = View;
			sourceTree = "<group>";
		};
		A6483EF829BA235800F58419 /* Protocols */ = {
			isa = PBXGroup;
			children = (
				A6483EF929BA238E00F58419 /* SelectLoginOrRegisterProtocol.swift */,
			);
			path = Protocols;
			sourceTree = "<group>";
		};
		A66952DB29B8181D00B6F486 = {
			isa = PBXGroup;
			children = (
				A66952E629B8181D00B6F486 /* todoList */,
				A66952E529B8181D00B6F486 /* Products */,
			);
			sourceTree = "<group>";
		};
		A66952E529B8181D00B6F486 /* Products */ = {
			isa = PBXGroup;
			children = (
				A66952E429B8181D00B6F486 /* todoList.app */,
			);
			name = Products;
			sourceTree = "<group>";
		};
		A66952E629B8181D00B6F486 /* todoList */ = {
			isa = PBXGroup;
			children = (
				A6A1C0B929BBC19B0018AF93 /* Components */,
				A6FD1BAA29B8FE7A00915177 /* Utils */,
				A6FD1BA429B8FA9E00915177 /* Coordinator */,
				A6FD1BA929B8FBC800915177 /* Services */,
				A6FD1BA829B8FBAF00915177 /* Presenters */,
				A6FD1BA629B8FB7300915177 /* Models */,
				A6FD1BA729B8FB8600915177 /* Views */,
				A66952E929B8181D00B6F486 /* SceneDelegate.swift */,
				A66952E729B8181D00B6F486 /* AppDelegate.swift */,
				A66952F329B8181E00B6F486 /* Assets.xcassets */,
				A66952F529B8181E00B6F486 /* LaunchScreen.storyboard */,
				A66952F829B8181E00B6F486 /* Info.plist */,
				A66952F029B8181D00B6F486 /* todoList.xcdatamodeld */,
			);
			path = todoList;
			sourceTree = "<group>";
		};
		A6A1C0AF29BB86650018AF93 /* SelectLoginOrCreate */ = {
			isa = PBXGroup;
			children = (
				A6483EF229BA20A400F58419 /* ViewModel */,
				A6483EF329BA20B600F58419 /* View */,
				A6483EF829BA235800F58419 /* Protocols */,
				A6483EF629BA231200F58419 /* SelectLoginOrRegisterViewController.swift */,
			);
			path = SelectLoginOrCreate;
			sourceTree = "<group>";
		};
		A6A1C0B029BB86CB0018AF93 /* View */ = {
			isa = PBXGroup;
			children = (
				A6A1C0B429BB94A30018AF93 /* CreateAccountView.swift */,
			);
			path = View;
			sourceTree = "<group>";
		};
		A6A1C0B329BB94500018AF93 /* CreateAccount */ = {
			isa = PBXGroup;
			children = (
				A60E079B29BCEED800FBD4F1 /* ViewModel */,
				A6A1C0B629BB94B40018AF93 /* Protocols */,
				A6A1C0B029BB86CB0018AF93 /* View */,
				A6A1C0B129BB90100018AF93 /* CreateAccountViewController.swift */,
				A6A2EB8729BC1A9700BD7146 /* CreateAccountPresenter.swift */,
			);
			path = CreateAccount;
			sourceTree = "<group>";
		};
		A6A1C0B629BB94B40018AF93 /* Protocols */ = {
			isa = PBXGroup;
			children = (
				A6A1C0B729BB94CB0018AF93 /* CreateAccountProtocol.swift */,
			);
			path = Protocols;
			sourceTree = "<group>";
		};
		A6A1C0B929BBC19B0018AF93 /* Components */ = {
			isa = PBXGroup;
			children = (
				A6A1C0BA29BBC1C70018AF93 /* TextFieldCustom.swift */,
			);
			path = Components;
			sourceTree = "<group>";
		};
		A6FD1BA429B8FA9E00915177 /* Coordinator */ = {
			isa = PBXGroup;
			children = (
				A6FD1B9E29B8BD8100915177 /* MainCoordinator.swift */,
				A6FD1BA529B8FAC100915177 /* Protocol */,
			);
			path = Coordinator;
			sourceTree = "<group>";
		};
		A6FD1BA529B8FAC100915177 /* Protocol */ = {
			isa = PBXGroup;
			children = (
				A669530029B81C5200B6F486 /* CoordinatorProtocol.swift */,
			);
			path = Protocol;
			sourceTree = "<group>";
		};
		A6FD1BA629B8FB7300915177 /* Models */ = {
			isa = PBXGroup;
			children = (
			);
			path = Models;
			sourceTree = "<group>";
		};
		A6FD1BA729B8FB8600915177 /* Views */ = {
			isa = PBXGroup;
			children = (
				A6A1C0AF29BB86650018AF93 /* SelectLoginOrCreate */,
				A6483EF129BA207500F58419 /* Authentication */,
				A6FD1BAD29B9115500915177 /* WelcomeScreen */,
			);
			path = Views;
			sourceTree = "<group>";
		};
		A6FD1BA829B8FBAF00915177 /* Presenters */ = {
			isa = PBXGroup;
			children = (
			);
			path = Presenters;
			sourceTree = "<group>";
		};
		A6FD1BA929B8FBC800915177 /* Services */ = {
			isa = PBXGroup;
			children = (
			);
			path = Services;
			sourceTree = "<group>";
		};
		A6FD1BAA29B8FE7A00915177 /* Utils */ = {
			isa = PBXGroup;
			children = (
				A6FD1BAB29B8FF2800915177 /* DSColors.swift */,
				A6FD1BB329B916A900915177 /* DSSpacing.swift */,
			);
			path = Utils;
			sourceTree = "<group>";
		};
		A6FD1BAD29B9115500915177 /* WelcomeScreen */ = {
			isa = PBXGroup;
			children = (
				A6FD1BB029B911E700915177 /* View */,
				A6FD1BAE29B911E000915177 /* WelcomeScreenViewController.swift */,
				A6FD1BB629B91D5600915177 /* WelcomeScreenProtocols.swift */,
			);
			path = WelcomeScreen;
			sourceTree = "<group>";
		};
		A6FD1BB029B911E700915177 /* View */ = {
			isa = PBXGroup;
			children = (
				A6FD1BB129B911FF00915177 /* WelcomeScreenView.swift */,
			);
			path = View;
			sourceTree = "<group>";
		};
/* End PBXGroup section */

/* Begin PBXNativeTarget section */
		A66952E329B8181D00B6F486 /* todoList */ = {
			isa = PBXNativeTarget;
			buildConfigurationList = A66952FB29B8181E00B6F486 /* Build configuration list for PBXNativeTarget "todoList" */;
			buildPhases = (
				A66952E029B8181D00B6F486 /* Sources */,
				A66952E129B8181D00B6F486 /* Frameworks */,
				A66952E229B8181D00B6F486 /* Resources */,
			);
			buildRules = (
			);
			dependencies = (
			);
			name = todoList;
			productName = todoList;
			productReference = A66952E429B8181D00B6F486 /* todoList.app */;
			productType = "com.apple.product-type.application";
		};
/* End PBXNativeTarget section */

/* Begin PBXProject section */
		A66952DC29B8181D00B6F486 /* Project object */ = {
			isa = PBXProject;
			attributes = {
				BuildIndependentTargetsInParallel = 1;
				LastSwiftUpdateCheck = 1420;
				LastUpgradeCheck = 1420;
				TargetAttributes = {
					A66952E329B8181D00B6F486 = {
						CreatedOnToolsVersion = 14.2;
					};
				};
			};
			buildConfigurationList = A66952DF29B8181D00B6F486 /* Build configuration list for PBXProject "todoList" */;
			compatibilityVersion = "Xcode 14.0";
			developmentRegion = en;
			hasScannedForEncodings = 0;
			knownRegions = (
				en,
				Base,
			);
			mainGroup = A66952DB29B8181D00B6F486;
			productRefGroup = A66952E529B8181D00B6F486 /* Products */;
			projectDirPath = "";
			projectRoot = "";
			targets = (
				A66952E329B8181D00B6F486 /* todoList */,
			);
		};
/* End PBXProject section */

/* Begin PBXResourcesBuildPhase section */
		A66952E229B8181D00B6F486 /* Resources */ = {
			isa = PBXResourcesBuildPhase;
			buildActionMask = 2147483647;
			files = (
				A66952F729B8181E00B6F486 /* LaunchScreen.storyboard in Resources */,
				A66952F429B8181E00B6F486 /* Assets.xcassets in Resources */,
			);
			runOnlyForDeploymentPostprocessing = 0;
		};
/* End PBXResourcesBuildPhase section */

/* Begin PBXSourcesBuildPhase section */
		A66952E029B8181D00B6F486 /* Sources */ = {
			isa = PBXSourcesBuildPhase;
			buildActionMask = 2147483647;
			files = (
				A6A1C0B229BB90100018AF93 /* CreateAccountViewController.swift in Sources */,
				A6FD1B9F29B8BD8100915177 /* MainCoordinator.swift in Sources */,
				A66952E829B8181D00B6F486 /* AppDelegate.swift in Sources */,
				A6483EFA29BA238E00F58419 /* SelectLoginOrRegisterProtocol.swift in Sources */,
				A6FD1BB729B91D5600915177 /* WelcomeScreenProtocols.swift in Sources */,
				A6FD1BB229B911FF00915177 /* WelcomeScreenView.swift in Sources */,
				A6FD1BB429B916A900915177 /* DSSpacing.swift in Sources */,
				A6FD1BAF29B911E000915177 /* WelcomeScreenViewController.swift in Sources */,
				A669530129B81C5200B6F486 /* CoordinatorProtocol.swift in Sources */,
				A62A352329BE8739002693AD /* CreateAccountViewModel.swift in Sources */,
				A6A1C0BB29BBC1C70018AF93 /* TextFieldCustom.swift in Sources */,
				A6A1C0B529BB94A30018AF93 /* CreateAccountView.swift in Sources */,
				A6FD1BAC29B8FF2800915177 /* DSColors.swift in Sources */,
				A6A2EB8829BC1A9700BD7146 /* CreateAccountPresenter.swift in Sources */,
				A66952EA29B8181D00B6F486 /* SceneDelegate.swift in Sources */,
				A60E079E29BCF2B900FBD4F1 /* TogglePasswordVisibilityViewModel.swift in Sources */,
				A66952F229B8181D00B6F486 /* todoList.xcdatamodeld in Sources */,
				A6483EF729BA231200F58419 /* SelectLoginOrRegisterViewController.swift in Sources */,
				A6483EF529BA216E00F58419 /* SelectLoginOrRegisterView.swift in Sources */,
				A6A1C0B829BB94CB0018AF93 /* CreateAccountProtocol.swift in Sources */,
			);
			runOnlyForDeploymentPostprocessing = 0;
		};
/* End PBXSourcesBuildPhase section */

/* Begin PBXVariantGroup section */
		A66952F529B8181E00B6F486 /* LaunchScreen.storyboard */ = {
			isa = PBXVariantGroup;
			children = (
				A66952F629B8181E00B6F486 /* Base */,
			);
			name = LaunchScreen.storyboard;
			sourceTree = "<group>";
		};
/* End PBXVariantGroup section */

/* Begin XCBuildConfiguration section */
		A66952F929B8181E00B6F486 /* Debug */ = {
			isa = XCBuildConfiguration;
			buildSettings = {
				ALWAYS_SEARCH_USER_PATHS = NO;
				CLANG_ANALYZER_NONNULL = YES;
				CLANG_ANALYZER_NUMBER_OBJECT_CONVERSION = YES_AGGRESSIVE;
				CLANG_CXX_LANGUAGE_STANDARD = "gnu++20";
				CLANG_ENABLE_MODULES = YES;
				CLANG_ENABLE_OBJC_ARC = YES;
				CLANG_ENABLE_OBJC_WEAK = YES;
				CLANG_WARN_BLOCK_CAPTURE_AUTORELEASING = YES;
				CLANG_WARN_BOOL_CONVERSION = YES;
				CLANG_WARN_COMMA = YES;
				CLANG_WARN_CONSTANT_CONVERSION = YES;
				CLANG_WARN_DEPRECATED_OBJC_IMPLEMENTATIONS = YES;
				CLANG_WARN_DIRECT_OBJC_ISA_USAGE = YES_ERROR;
				CLANG_WARN_DOCUMENTATION_COMMENTS = YES;
				CLANG_WARN_EMPTY_BODY = YES;
				CLANG_WARN_ENUM_CONVERSION = YES;
				CLANG_WARN_INFINITE_RECURSION = YES;
				CLANG_WARN_INT_CONVERSION = YES;
				CLANG_WARN_NON_LITERAL_NULL_CONVERSION = YES;
				CLANG_WARN_OBJC_IMPLICIT_RETAIN_SELF = YES;
				CLANG_WARN_OBJC_LITERAL_CONVERSION = YES;
				CLANG_WARN_OBJC_ROOT_CLASS = YES_ERROR;
				CLANG_WARN_QUOTED_INCLUDE_IN_FRAMEWORK_HEADER = YES;
				CLANG_WARN_RANGE_LOOP_ANALYSIS = YES;
				CLANG_WARN_STRICT_PROTOTYPES = YES;
				CLANG_WARN_SUSPICIOUS_MOVE = YES;
				CLANG_WARN_UNGUARDED_AVAILABILITY = YES_AGGRESSIVE;
				CLANG_WARN_UNREACHABLE_CODE = YES;
				CLANG_WARN__DUPLICATE_METHOD_MATCH = YES;
				COPY_PHASE_STRIP = NO;
				DEBUG_INFORMATION_FORMAT = dwarf;
				ENABLE_STRICT_OBJC_MSGSEND = YES;
				ENABLE_TESTABILITY = YES;
				GCC_C_LANGUAGE_STANDARD = gnu11;
				GCC_DYNAMIC_NO_PIC = NO;
				GCC_NO_COMMON_BLOCKS = YES;
				GCC_OPTIMIZATION_LEVEL = 0;
				GCC_PREPROCESSOR_DEFINITIONS = (
					"DEBUG=1",
					"$(inherited)",
				);
				GCC_WARN_64_TO_32_BIT_CONVERSION = YES;
				GCC_WARN_ABOUT_RETURN_TYPE = YES_ERROR;
				GCC_WARN_UNDECLARED_SELECTOR = YES;
				GCC_WARN_UNINITIALIZED_AUTOS = YES_AGGRESSIVE;
				GCC_WARN_UNUSED_FUNCTION = YES;
				GCC_WARN_UNUSED_VARIABLE = YES;
				IPHONEOS_DEPLOYMENT_TARGET = 16.2;
				MTL_ENABLE_DEBUG_INFO = INCLUDE_SOURCE;
				MTL_FAST_MATH = YES;
				ONLY_ACTIVE_ARCH = YES;
				SDKROOT = iphoneos;
				SWIFT_ACTIVE_COMPILATION_CONDITIONS = DEBUG;
				SWIFT_OPTIMIZATION_LEVEL = "-Onone";
			};
			name = Debug;
		};
		A66952FA29B8181E00B6F486 /* Release */ = {
			isa = XCBuildConfiguration;
			buildSettings = {
				ALWAYS_SEARCH_USER_PATHS = NO;
				CLANG_ANALYZER_NONNULL = YES;
				CLANG_ANALYZER_NUMBER_OBJECT_CONVERSION = YES_AGGRESSIVE;
				CLANG_CXX_LANGUAGE_STANDARD = "gnu++20";
				CLANG_ENABLE_MODULES = YES;
				CLANG_ENABLE_OBJC_ARC = YES;
				CLANG_ENABLE_OBJC_WEAK = YES;
				CLANG_WARN_BLOCK_CAPTURE_AUTORELEASING = YES;
				CLANG_WARN_BOOL_CONVERSION = YES;
				CLANG_WARN_COMMA = YES;
				CLANG_WARN_CONSTANT_CONVERSION = YES;
				CLANG_WARN_DEPRECATED_OBJC_IMPLEMENTATIONS = YES;
				CLANG_WARN_DIRECT_OBJC_ISA_USAGE = YES_ERROR;
				CLANG_WARN_DOCUMENTATION_COMMENTS = YES;
				CLANG_WARN_EMPTY_BODY = YES;
				CLANG_WARN_ENUM_CONVERSION = YES;
				CLANG_WARN_INFINITE_RECURSION = YES;
				CLANG_WARN_INT_CONVERSION = YES;
				CLANG_WARN_NON_LITERAL_NULL_CONVERSION = YES;
				CLANG_WARN_OBJC_IMPLICIT_RETAIN_SELF = YES;
				CLANG_WARN_OBJC_LITERAL_CONVERSION = YES;
				CLANG_WARN_OBJC_ROOT_CLASS = YES_ERROR;
				CLANG_WARN_QUOTED_INCLUDE_IN_FRAMEWORK_HEADER = YES;
				CLANG_WARN_RANGE_LOOP_ANALYSIS = YES;
				CLANG_WARN_STRICT_PROTOTYPES = YES;
				CLANG_WARN_SUSPICIOUS_MOVE = YES;
				CLANG_WARN_UNGUARDED_AVAILABILITY = YES_AGGRESSIVE;
				CLANG_WARN_UNREACHABLE_CODE = YES;
				CLANG_WARN__DUPLICATE_METHOD_MATCH = YES;
				COPY_PHASE_STRIP = NO;
				DEBUG_INFORMATION_FORMAT = "dwarf-with-dsym";
				ENABLE_NS_ASSERTIONS = NO;
				ENABLE_STRICT_OBJC_MSGSEND = YES;
				GCC_C_LANGUAGE_STANDARD = gnu11;
				GCC_NO_COMMON_BLOCKS = YES;
				GCC_WARN_64_TO_32_BIT_CONVERSION = YES;
				GCC_WARN_ABOUT_RETURN_TYPE = YES_ERROR;
				GCC_WARN_UNDECLARED_SELECTOR = YES;
				GCC_WARN_UNINITIALIZED_AUTOS = YES_AGGRESSIVE;
				GCC_WARN_UNUSED_FUNCTION = YES;
				GCC_WARN_UNUSED_VARIABLE = YES;
				IPHONEOS_DEPLOYMENT_TARGET = 16.2;
				MTL_ENABLE_DEBUG_INFO = NO;
				MTL_FAST_MATH = YES;
				SDKROOT = iphoneos;
				SWIFT_COMPILATION_MODE = wholemodule;
				SWIFT_OPTIMIZATION_LEVEL = "-O";
				VALIDATE_PRODUCT = YES;
			};
			name = Release;
		};
		A66952FC29B8181E00B6F486 /* Debug */ = {
			isa = XCBuildConfiguration;
			buildSettings = {
				ASSETCATALOG_COMPILER_APPICON_NAME = AppIcon;
				ASSETCATALOG_COMPILER_GLOBAL_ACCENT_COLOR_NAME = AccentColor;
				CODE_SIGN_STYLE = Automatic;
				CURRENT_PROJECT_VERSION = 1;
				GENERATE_INFOPLIST_FILE = YES;
				INFOPLIST_FILE = todoList/Info.plist;
				INFOPLIST_KEY_UIApplicationSupportsIndirectInputEvents = YES;
				INFOPLIST_KEY_UILaunchStoryboardName = LaunchScreen;
				INFOPLIST_KEY_UIMainStoryboardFile = "";
				INFOPLIST_KEY_UISupportedInterfaceOrientations_iPad = "UIInterfaceOrientationPortrait UIInterfaceOrientationPortraitUpsideDown UIInterfaceOrientationLandscapeLeft UIInterfaceOrientationLandscapeRight";
				INFOPLIST_KEY_UISupportedInterfaceOrientations_iPhone = "UIInterfaceOrientationPortrait UIInterfaceOrientationLandscapeLeft UIInterfaceOrientationLandscapeRight";
				LD_RUNPATH_SEARCH_PATHS = (
					"$(inherited)",
					"@executable_path/Frameworks",
				);
				MARKETING_VERSION = 1.0;
				PRODUCT_BUNDLE_IDENTIFIER = com.paulo.todoList;
				PRODUCT_NAME = "$(TARGET_NAME)";
				SWIFT_EMIT_LOC_STRINGS = YES;
				SWIFT_VERSION = 5.0;
				TARGETED_DEVICE_FAMILY = "1,2";
			};
			name = Debug;
		};
		A66952FD29B8181E00B6F486 /* Release */ = {
			isa = XCBuildConfiguration;
			buildSettings = {
				ASSETCATALOG_COMPILER_APPICON_NAME = AppIcon;
				ASSETCATALOG_COMPILER_GLOBAL_ACCENT_COLOR_NAME = AccentColor;
				CODE_SIGN_STYLE = Automatic;
				CURRENT_PROJECT_VERSION = 1;
				GENERATE_INFOPLIST_FILE = YES;
				INFOPLIST_FILE = todoList/Info.plist;
				INFOPLIST_KEY_UIApplicationSupportsIndirectInputEvents = YES;
				INFOPLIST_KEY_UILaunchStoryboardName = LaunchScreen;
				INFOPLIST_KEY_UIMainStoryboardFile = "";
				INFOPLIST_KEY_UISupportedInterfaceOrientations_iPad = "UIInterfaceOrientationPortrait UIInterfaceOrientationPortraitUpsideDown UIInterfaceOrientationLandscapeLeft UIInterfaceOrientationLandscapeRight";
				INFOPLIST_KEY_UISupportedInterfaceOrientations_iPhone = "UIInterfaceOrientationPortrait UIInterfaceOrientationLandscapeLeft UIInterfaceOrientationLandscapeRight";
				LD_RUNPATH_SEARCH_PATHS = (
					"$(inherited)",
					"@executable_path/Frameworks",
				);
				MARKETING_VERSION = 1.0;
				PRODUCT_BUNDLE_IDENTIFIER = com.paulo.todoList;
				PRODUCT_NAME = "$(TARGET_NAME)";
				SWIFT_EMIT_LOC_STRINGS = YES;
				SWIFT_VERSION = 5.0;
				TARGETED_DEVICE_FAMILY = "1,2";
			};
			name = Release;
		};
/* End XCBuildConfiguration section */

/* Begin XCConfigurationList section */
		A66952DF29B8181D00B6F486 /* Build configuration list for PBXProject "todoList" */ = {
			isa = XCConfigurationList;
			buildConfigurations = (
				A66952F929B8181E00B6F486 /* Debug */,
				A66952FA29B8181E00B6F486 /* Release */,
			);
			defaultConfigurationIsVisible = 0;
			defaultConfigurationName = Release;
		};
		A66952FB29B8181E00B6F486 /* Build configuration list for PBXNativeTarget "todoList" */ = {
			isa = XCConfigurationList;
			buildConfigurations = (
				A66952FC29B8181E00B6F486 /* Debug */,
				A66952FD29B8181E00B6F486 /* Release */,
			);
			defaultConfigurationIsVisible = 0;
			defaultConfigurationName = Release;
		};
/* End XCConfigurationList section */

/* Begin XCVersionGroup section */
		A66952F029B8181D00B6F486 /* todoList.xcdatamodeld */ = {
			isa = XCVersionGroup;
			children = (
				A66952F129B8181D00B6F486 /* todoList.xcdatamodel */,
			);
			currentVersion = A66952F129B8181D00B6F486 /* todoList.xcdatamodel */;
			path = todoList.xcdatamodeld;
			sourceTree = "<group>";
			versionGroupType = wrapper.xcdatamodel;
		};
/* End XCVersionGroup section */
	};
	rootObject = A66952DC29B8181D00B6F486 /* Project object */;
}
